
Microsoft Visual Studio Solution File, Format Version 12.00
# Visual Studio Version 17
VisualStudioVersion = 17.6.33723.286
MinimumVisualStudioVersion = 10.0.40219.1
Project("{8BC9CEB8-8B4A-11D0-8D11-00A0C91BC942}") = "SGA_0501", "SGA_0501\SGA_0501.vcxproj", "{255AC9E5-59D4-4957-86A6-FE2D67DBB962}"
EndProject
Project("{8BC9CEB8-8B4A-11D0-8D11-00A0C91BC942}") = "SGA_0502", "SGA_0502\SGA_0502.vcxproj", "{4FC024B6-585E-4DBE-B092-B1B935B92EF4}"
EndProject
Project("{8BC9CEB8-8B4A-11D0-8D11-00A0C91BC942}") = "SGA_0507", "SGA_0507\SGA_0507.vcxproj", "{692B8BF6-7CF0-49EB-B25E-16A23717303D}"
EndProject
Project("{8BC9CEB8-8B4A-11D0-8D11-00A0C91BC942}") = "SGA_0508", "SGA_0508\SGA_0508.vcxproj", "{8D369465-03CD-4D25-AEA6-618CDAC61C68}"
EndProject
Project("{8BC9CEB8-8B4A-11D0-8D11-00A0C91BC942}") = "SGA_0508_02", "SGA_0508_02\SGA_0508_02.vcxproj", "{942E943C-3FB7-4C65-A830-54EF9195C50F}"
EndProject
Project("{8BC9CEB8-8B4A-11D0-8D11-00A0C91BC942}") = "SGA_0509_01", "SGA_0509_01\SGA_0509_01.vcxproj", "{2881BA80-C428-4EC4-95F3-530EEE505F61}"
EndProject
Project("{8BC9CEB8-8B4A-11D0-8D11-00A0C91BC942}") = "SGA_0513_01", "SGA_0513\SGA_0513.vcxproj", "{9FF435AD-4874-4808-8F9E-13A761C996D0}"
EndProject
Project("{8BC9CEB8-8B4A-11D0-8D11-00A0C91BC942}") = "SGA_0514", "SGA_0514\SGA_0514.vcxproj", "{2FBA5510-F01B-4F6F-926E-D880122A6C34}"
EndProject
Project("{8BC9CEB8-8B4A-11D0-8D11-00A0C91BC942}") = "SGA_0516", "SGA_0516\SGA_0516.vcxproj", "{90662157-BF85-4350-8E85-645CEB7028FA}"
EndProject
Project("{8BC9CEB8-8B4A-11D0-8D11-00A0C91BC942}") = "SGA_0521", "SGA_0521\SGA_0521.vcxproj", "{532C2996-FDD0-448D-A2CA-81DBDB2D9415}"
EndProject
Global
	GlobalSection(SolutionConfigurationPlatforms) = preSolution
		Debug|x64 = Debug|x64
		Debug|x86 = Debug|x86
		Release|x64 = Release|x64
		Release|x86 = Release|x86
	EndGlobalSection
	GlobalSection(ProjectConfigurationPlatforms) = postSolution
		{255AC9E5-59D4-4957-86A6-FE2D67DBB962}.Debug|x64.ActiveCfg = Debug|x64
		{255AC9E5-59D4-4957-86A6-FE2D67DBB962}.Debug|x64.Build.0 = Debug|x64
		{255AC9E5-59D4-4957-86A6-FE2D67DBB962}.Debug|x86.ActiveCfg = Debug|Win32
		{255AC9E5-59D4-4957-86A6-FE2D67DBB962}.Debug|x86.Build.0 = Debug|Win32
		{255AC9E5-59D4-4957-86A6-FE2D67DBB962}.Release|x64.ActiveCfg = Release|x64
		{255AC9E5-59D4-4957-86A6-FE2D67DBB962}.Release|x64.Build.0 = Release|x64
		{255AC9E5-59D4-4957-86A6-FE2D67DBB962}.Release|x86.ActiveCfg = Release|Win32
		{255AC9E5-59D4-4957-86A6-FE2D67DBB962}.Release|x86.Build.0 = Release|Win32
		{4FC024B6-585E-4DBE-B092-B1B935B92EF4}.Debug|x64.ActiveCfg = Debug|x64
		{4FC024B6-585E-4DBE-B092-B1B935B92EF4}.Debug|x64.Build.0 = Debug|x64
		{4FC024B6-585E-4DBE-B092-B1B935B92EF4}.Debug|x86.ActiveCfg = Debug|Win32
		{4FC024B6-585E-4DBE-B092-B1B935B92EF4}.Debug|x86.Build.0 = Debug|Win32
		{4FC024B6-585E-4DBE-B092-B1B935B92EF4}.Release|x64.ActiveCfg = Release|x64
		{4FC024B6-585E-4DBE-B092-B1B935B92EF4}.Release|x64.Build.0 = Release|x64
		{4FC024B6-585E-4DBE-B092-B1B935B92EF4}.Release|x86.ActiveCfg = Release|Win32
		{4FC024B6-585E-4DBE-B092-B1B935B92EF4}.Release|x86.Build.0 = Release|Win32
		{692B8BF6-7CF0-49EB-B25E-16A23717303D}.Debug|x64.ActiveCfg = Debug|x64
		{692B8BF6-7CF0-49EB-B25E-16A23717303D}.Debug|x64.Build.0 = Debug|x64
		{692B8BF6-7CF0-49EB-B25E-16A23717303D}.Debug|x86.ActiveCfg = Debug|Win32
		{692B8BF6-7CF0-49EB-B25E-16A23717303D}.Debug|x86.Build.0 = Debug|Win32
		{692B8BF6-7CF0-49EB-B25E-16A23717303D}.Release|x64.ActiveCfg = Release|x64
		{692B8BF6-7CF0-49EB-B25E-16A23717303D}.Release|x64.Build.0 = Release|x64
		{692B8BF6-7CF0-49EB-B25E-16A23717303D}.Release|x86.ActiveCfg = Release|Win32
		{692B8BF6-7CF0-49EB-B25E-16A23717303D}.Release|x86.Build.0 = Release|Win32
		{8D369465-03CD-4D25-AEA6-618CDAC61C68}.Debug|x64.ActiveCfg = Debug|x64
		{8D369465-03CD-4D25-AEA6-618CDAC61C68}.Debug|x64.Build.0 = Debug|x64
		{8D369465-03CD-4D25-AEA6-618CDAC61C68}.Debug|x86.ActiveCfg = Debug|Win32
		{8D369465-03CD-4D25-AEA6-618CDAC61C68}.Debug|x86.Build.0 = Debug|Win32
		{8D369465-03CD-4D25-AEA6-618CDAC61C68}.Release|x64.ActiveCfg = Release|x64
		{8D369465-03CD-4D25-AEA6-618CDAC61C68}.Release|x64.Build.0 = Release|x64
		{8D369465-03CD-4D25-AEA6-618CDAC61C68}.Release|x86.ActiveCfg = Release|Win32
		{8D369465-03CD-4D25-AEA6-618CDAC61C68}.Release|x86.Build.0 = Release|Win32
		{942E943C-3FB7-4C65-A830-54EF9195C50F}.Debug|x64.ActiveCfg = Debug|x64
		{942E943C-3FB7-4C65-A830-54EF9195C50F}.Debug|x64.Build.0 = Debug|x64
		{942E943C-3FB7-4C65-A830-54EF9195C50F}.Debug|x86.ActiveCfg = Debug|Win32
		{942E943C-3FB7-4C65-A830-54EF9195C50F}.Debug|x86.Build.0 = Debug|Win32
		{942E943C-3FB7-4C65-A830-54EF9195C50F}.Release|x64.ActiveCfg = Release|x64
		{942E943C-3FB7-4C65-A830-54EF9195C50F}.Release|x64.Build.0 = Release|x64
		{942E943C-3FB7-4C65-A830-54EF9195C50F}.Release|x86.ActiveCfg = Release|Win32
		{942E943C-3FB7-4C65-A830-54EF9195C50F}.Release|x86.Build.0 = Release|Win32
		{2881BA80-C428-4EC4-95F3-530EEE505F61}.Debug|x64.ActiveCfg = Debug|x64
		{2881BA80-C428-4EC4-95F3-530EEE505F61}.Debug|x64.Build.0 = Debug|x64
		{2881BA80-C428-4EC4-95F3-530EEE505F61}.Debug|x86.ActiveCfg = Debug|Win32
		{2881BA80-C428-4EC4-95F3-530EEE505F61}.Debug|x86.Build.0 = Debug|Win32
		{2881BA80-C428-4EC4-95F3-530EEE505F61}.Release|x64.ActiveCfg = Release|x64
		{2881BA80-C428-4EC4-95F3-530EEE505F61}.Release|x64.Build.0 = Release|x64
		{2881BA80-C428-4EC4-95F3-530EEE505F61}.Release|x86.ActiveCfg = Release|Win32
		{2881BA80-C428-4EC4-95F3-530EEE505F61}.Release|x86.Build.0 = Release|Win32
		{9FF435AD-4874-4808-8F9E-13A761C996D0}.Debug|x64.ActiveCfg = Debug|x64
		{9FF435AD-4874-4808-8F9E-13A761C996D0}.Debug|x64.Build.0 = Debug|x64
		{9FF435AD-4874-4808-8F9E-13A761C996D0}.Debug|x86.ActiveCfg = Debug|Win32
		{9FF435AD-4874-4808-8F9E-13A761C996D0}.Debug|x86.Build.0 = Debug|Win32
		{9FF435AD-4874-4808-8F9E-13A761C996D0}.Release|x64.ActiveCfg = Release|x64
		{9FF435AD-4874-4808-8F9E-13A761C996D0}.Release|x64.Build.0 = Release|x64
		{9FF435AD-4874-4808-8F9E-13A761C996D0}.Release|x86.ActiveCfg = Release|Win32
		{9FF435AD-4874-4808-8F9E-13A761C996D0}.Release|x86.Build.0 = Release|Win32
		{2FBA5510-F01B-4F6F-926E-D880122A6C34}.Debug|x64.ActiveCfg = Debug|x64
		{2FBA5510-F01B-4F6F-926E-D880122A6C34}.Debug|x64.Build.0 = Debug|x64
		{2FBA5510-F01B-4F6F-926E-D880122A6C34}.Debug|x86.ActiveCfg = Debug|Win32
		{2FBA5510-F01B-4F6F-926E-D880122A6C34}.Debug|x86.Build.0 = Debug|Win32
		{2FBA5510-F01B-4F6F-926E-D880122A6C34}.Release|x64.ActiveCfg = Release|x64
		{2FBA5510-F01B-4F6F-926E-D880122A6C34}.Release|x64.Build.0 = Release|x64
		{2FBA5510-F01B-4F6F-926E-D880122A6C34}.Release|x86.ActiveCfg = Release|Win32
		{2FBA5510-F01B-4F6F-926E-D880122A6C34}.Release|x86.Build.0 = Release|Win32
		{90662157-BF85-4350-8E85-645CEB7028FA}.Debug|x64.ActiveCfg = Debug|x64
		{90662157-BF85-4350-8E85-645CEB7028FA}.Debug|x64.Build.0 = Debug|x64
		{90662157-BF85-4350-8E85-645CEB7028FA}.Debug|x86.ActiveCfg = Debug|Win32
		{90662157-BF85-4350-8E85-645CEB7028FA}.Debug|x86.Build.0 = Debug|Win32
		{90662157-BF85-4350-8E85-645CEB7028FA}.Release|x64.ActiveCfg = Release|x64
		{90662157-BF85-4350-8E85-645CEB7028FA}.Release|x64.Build.0 = Release|x64
		{90662157-BF85-4350-8E85-645CEB7028FA}.Release|x86.ActiveCfg = Release|Win32
		{90662157-BF85-4350-8E85-645CEB7028FA}.Release|x86.Build.0 = Release|Win32
		{532C2996-FDD0-448D-A2CA-81DBDB2D9415}.Debug|x64.ActiveCfg = Debug|x64
		{532C2996-FDD0-448D-A2CA-81DBDB2D9415}.Debug|x64.Build.0 = Debug|x64
		{532C2996-FDD0-448D-A2CA-81DBDB2D9415}.Debug|x86.ActiveCfg = Debug|Win32
		{532C2996-FDD0-448D-A2CA-81DBDB2D9415}.Debug|x86.Build.0 = Debug|Win32
		{532C2996-FDD0-448D-A2CA-81DBDB2D9415}.Release|x64.ActiveCfg = Release|x64
		{532C2996-FDD0-448D-A2CA-81DBDB2D9415}.Release|x64.Build.0 = Release|x64
		{532C2996-FDD0-448D-A2CA-81DBDB2D9415}.Release|x86.ActiveCfg = Release|Win32
		{532C2996-FDD0-448D-A2CA-81DBDB2D9415}.Release|x86.Build.0 = Release|Win32
	EndGlobalSection
	GlobalSection(SolutionProperties) = preSolution
		HideSolutionNode = FALSE
	EndGlobalSection
	GlobalSection(ExtensibilityGlobals) = postSolution
		SolutionGuid = {FBB0C6BF-05D6-4A70-A956-3B63D0FA8072}
	EndGlobalSection
EndGlobal
